
Microsoft Visual Studio Solution File, Format Version 12.00
# Visual Studio 15
Project("{FAE04EC0-301F-11D3-BF4B-00C04F79EFBC}") = "Assembly-CSharp", "Assembly-CSharp.csproj", "{1286FF89-76BC-D81C-8B3A-892CCD159B60}"
EndProject
Project("{FAE04EC0-301F-11D3-BF4B-00C04F79EFBC}") = "Assembly-CSharp-Editor", "Assembly-CSharp-Editor.csproj", "{69F05D2C-5BF8-C9A1-3991-B46C8D0AA3BC}"
EndProject
Global
	GlobalSection(SolutionConfigurationPlatforms) = preSolution
		Debug|Any CPU = Debug|Any CPU
		Release|Any CPU = Release|Any CPU
	EndGlobalSection
	GlobalSection(ProjectConfigurationPlatforms) = postSolution
		{1286FF89-76BC-D81C-8B3A-892CCD159B60}.Debug|Any CPU.ActiveCfg = Debug|Any CPU
		{1286FF89-76BC-D81C-8B3A-892CCD159B60}.Debug|Any CPU.Build.0 = Debug|Any CPU
		{1286FF89-76BC-D81C-8B3A-892CCD159B60}.Release|Any CPU.ActiveCfg = Release|Any CPU
		{1286FF89-76BC-D81C-8B3A-892CCD159B60}.Release|Any CPU.Build.0 = Release|Any CPU
		{69F05D2C-5BF8-C9A1-3991-B46C8D0AA3BC}.Debug|Any CPU.ActiveCfg = Debug|Any CPU
		{69F05D2C-5BF8-C9A1-3991-B46C8D0AA3BC}.Debug|Any CPU.Build.0 = Debug|Any CPU
		{69F05D2C-5BF8-C9A1-3991-B46C8D0AA3BC}.Release|Any CPU.ActiveCfg = Release|Any CPU
		{69F05D2C-5BF8-C9A1-3991-B46C8D0AA3BC}.Release|Any CPU.Build.0 = Release|Any CPU
	EndGlobalSection
	GlobalSection(SolutionProperties) = preSolution
		HideSolutionNode = FALSE
	EndGlobalSection
EndGlobal
